<?xml version="1.0" encoding="utf-8"?>
<Project ToolsVersion="4.0" xmlns="http://schemas.microsoft.com/developer/msbuild/2003">
  <ItemGroup>
    <Filter Include="src">
      <UniqueIdentifier>{4FC737F1-C7A5-4376-A066-2A32D752A2FF}</UniqueIdentifier>
      <Extensions>cpp;c;cc;cxx;def;odl;idl;hpj;bat;asm;asmx</Extensions>
    </Filter>
    <Filter Include="include">
      <UniqueIdentifier>{93995380-89BD-4b04-88EB-625FBE52EBFB}</UniqueIdentifier>
      <Extensions>h;hh;hpp;hxx;hm;inl;inc;xsd</Extensions>
    </Filter>
    <Filter Include="content">
      <UniqueIdentifier>{67DA6AB6-F800-4c08-8B7A-83BB121AAD01}</UniqueIdentifier>
      <Extensions>rc;ico;cur;bmp;dlg;rc2;rct;bin;rgs;gif;jpg;jpeg;jpe;resx;tiff;tif;png;wav;mfcribbon-ms</Extensions>
    </Filter>
  </ItemGroup>
  <ItemGroup>
    <ClInclude Include="Creature.h">
      <Filter>include</Filter>
    </ClInclude>
    <ClInclude Include="Jeu.h">
      <Filter>include</Filter>
    </ClInclude>
    <ClInclude Include="Medicament.h">
      <Filter>include</Filter>
    </ClInclude>
    <ClInclude Include="Nourriture.h">
      <Filter>include</Filter>
    </ClInclude>
    <ClInclude Include="sqlite3.h">
      <Filter>include</Filter>
    </ClInclude>
  </ItemGroup>
  <ItemGroup>
    <ClCompile Include="Creature.cpp">
      <Filter>src</Filter>
    </ClCompile>
    <ClCompile Include="Jeu.cpp">
      <Filter>src</Filter>
    </ClCompile>
    <ClCompile Include="main.cpp">
      <Filter>src</Filter>
    </ClCompile>
    <ClCompile Include="Medicament.cpp">
      <Filter>src</Filter>
    </ClCompile>
    <ClCompile Include="Nourriture.cpp">
      <Filter>src</Filter>
    </ClCompile>
    <ClCompile Include="sqlite3.c">
      <Filter>src</Filter>
    </ClCompile>
  </ItemGroup>
  <ItemGroup>
    <Font Include="Mak Dah.ttf">
      <Filter>content</Filter>
    </Font>
  </ItemGroup>
  <ItemGroup>
    <Image Include="Cursor.png">
      <Filter>content</Filter>
    </Image>
    <Image Include="EnergyBar.png">
      <Filter>content</Filter>
    </Image>
    <Image Include="HealthBar.png">
      <Filter>content</Filter>
    </Image>
    <Image Include="HungryBar.png">
      <Filter>content</Filter>
    </Image>
    <Image Include="background1.png">
      <Filter>content</Filter>
    </Image>
    <Image Include="background2.png">
      <Filter>content</Filter>
    </Image>
    <Image Include="Poupon.png">
      <Filter>content</Filter>
    </Image>
    <Image Include="Lune.png">
      <Filter>content</Filter>
    </Image>
    <Image Include="Soleil.png">
      <Filter>content</Filter>
    </Image>
    <Image Include="Antidep.png">
      <Filter>content</Filter>
    </Image>
    <Image Include="Biscuit.png">
      <Filter>content</Filter>
    </Image>
    <Image Include="Douche.png">
      <Filter>content</Filter>
    </Image>
    <Image Include="Fruit.png">
      <Filter>content</Filter>
    </Image>
    <Image Include="Medkit.png">
      <Filter>content</Filter>
    </Image>
    <Image Include="Stim.png">
      <Filter>content</Filter>
    </Image>
    <Image Include="Viande.png">
      <Filter>content</Filter>
    </Image>
    <Image Include="boutonMenu.png">
      <Filter>content</Filter>
    </Image>
    <Image Include="HappinessBar.png">
      <Filter>content</Filter>
    </Image>
    <Image Include="MenuButton.png">
      <Filter>content</Filter>
    </Image>
    <Image Include="egg.png">
      <Filter>content</Filter>
    </Image>
    <Image Include="egg_almostcracked.png">
      <Filter>content</Filter>
    </Image>
    <Image Include="egg_cracked.png">
      <Filter>content</Filter>
    </Image>
    <Image Include="fox_excited.png">
      <Filter>content</Filter>
    </Image>
    <Image Include="fox_sad.png">
      <Filter>content</Filter>
    </Image>
    <Image Include="fox_sick.png">
      <Filter>content</Filter>
    </Image>
    <Image Include="fox_sleep.png">
      <Filter>content</Filter>
    </Image>
    <Image Include="fox_tired.png">
      <Filter>content</Filter>
    </Image>
    <Image Include="poop.png">
      <Filter>content</Filter>
    </Image>
    <Image Include="bubble.png">
      <Filter>content</Filter>
    </Image>
    <Image Include="background.png">
      <Filter>content</Filter>
    </Image>
  </ItemGroup>
</Project>